
Microsoft Visual Studio Solution File, Format Version 12.00
# Visual Studio 15
VisualStudioVersion = 15.0.26730.16
MinimumVisualStudioVersion = 10.0.40219.1
Project("{9A19103F-16F7-4668-BE54-9A1E7A4F7556}") = "pdfse", "pdfse\pdfse.csproj", "{24C53EA4-8BB1-46D9-816A-C3E24EBB996F}"
EndProject
Global
	GlobalSection(SolutionConfigurationPlatforms) = preSolution
		Debug|Any CPU = Debug|Any CPU
		Debug|x64 = Debug|x64
		Release|Any CPU = Release|Any CPU
		Release|x64 = Release|x64
	EndGlobalSection
	GlobalSection(ProjectConfigurationPlatforms) = postSolution
		{24C53EA4-8BB1-46D9-816A-C3E24EBB996F}.Debug|Any CPU.ActiveCfg = Debug|Any CPU
		{24C53EA4-8BB1-46D9-816A-C3E24EBB996F}.Debug|Any CPU.Build.0 = Debug|Any CPU
		{24C53EA4-8BB1-46D9-816A-C3E24EBB996F}.Debug|x64.ActiveCfg = Debug|x64
		{24C53EA4-8BB1-46D9-816A-C3E24EBB996F}.Debug|x64.Build.0 = Debug|x64
		{24C53EA4-8BB1-46D9-816A-C3E24EBB996F}.Release|Any CPU.ActiveCfg = Release|Any CPU
		{24C53EA4-8BB1-46D9-816A-C3E24EBB996F}.Release|Any CPU.Build.0 = Release|Any CPU
		{24C53EA4-8BB1-46D9-816A-C3E24EBB996F}.Release|x64.ActiveCfg = Release|x64
		{24C53EA4-8BB1-46D9-816A-C3E24EBB996F}.Release|x64.Build.0 = Release|x64
	EndGlobalSection
	GlobalSection(SolutionProperties) = preSolution
		HideSolutionNode = FALSE
	EndGlobalSection
	GlobalSection(ExtensibilityGlobals) = postSolution
		SolutionGuid = {5DAC18B3-D654-4A1D-8A0C-BFCF2119CBC9}
	EndGlobalSection
EndGlobal
